
Microsoft Visual Studio Solution File, Format Version 12.00
# Visual Studio Version 16
VisualStudioVersion = 16.0.30523.141
MinimumVisualStudioVersion = 10.0.40219.1
Project("{FAE04EC0-301F-11D3-BF4B-00C04F79EFBC}") = "SimpleAppMVC", "SimpleAppMVVM\SimpleAppMVC.csproj", "{C7E4C226-4F70-4769-B8A5-F6BA0463524C}"
EndProject
Global
	GlobalSection(SolutionConfigurationPlatforms) = preSolution
		Debug|Any CPU = Debug|Any CPU
		Release|Any CPU = Release|Any CPU
	EndGlobalSection
	GlobalSection(ProjectConfigurationPlatforms) = postSolution
		{C7E4C226-4F70-4769-B8A5-F6BA0463524C}.Debug|Any CPU.ActiveCfg = Debug|Any CPU
		{C7E4C226-4F70-4769-B8A5-F6BA0463524C}.Debug|Any CPU.Build.0 = Debug|Any CPU
		{C7E4C226-4F70-4769-B8A5-F6BA0463524C}.Release|Any CPU.ActiveCfg = Release|Any CPU
		{C7E4C226-4F70-4769-B8A5-F6BA0463524C}.Release|Any CPU.Build.0 = Release|Any CPU
	EndGlobalSection
	GlobalSection(SolutionProperties) = preSolution
		HideSolutionNode = FALSE
	EndGlobalSection
	GlobalSection(ExtensibilityGlobals) = postSolution
		SolutionGuid = {8D066AC1-5D91-4348-95AC-E5A747F93436}
	EndGlobalSection
EndGlobal
